
Microsoft Visual Studio Solution File, Format Version 12.00
# Visual Studio 15
VisualStudioVersion = 15.0.26730.8
MinimumVisualStudioVersion = 10.0.40219.1
Project("{FAE04EC0-301F-11D3-BF4B-00C04F79EFBC}") = "Factorizor.UI", "Factorizor.UI\Factorizor.UI.csproj", "{DB73423A-19A1-4C38-B82E-F6BE4FEA28C2}"
EndProject
Project("{FAE04EC0-301F-11D3-BF4B-00C04F79EFBC}") = "Factorizor.Test", "ClassLibrary1\Factorizor.Test.csproj", "{4CDDDA6F-D0C9-4453-9798-D1720C1E98E6}"
EndProject
Project("{FAE04EC0-301F-11D3-BF4B-00C04F79EFBC}") = "Factorizor.BLL", "Factorizor.BLL\Factorizor.BLL.csproj", "{B4DB0174-9674-4F72-804E-A739893D4F8D}"
EndProject
Global
	GlobalSection(SolutionConfigurationPlatforms) = preSolution
		Debug|Any CPU = Debug|Any CPU
		Release|Any CPU = Release|Any CPU
	EndGlobalSection
	GlobalSection(ProjectConfigurationPlatforms) = postSolution
		{DB73423A-19A1-4C38-B82E-F6BE4FEA28C2}.Debug|Any CPU.ActiveCfg = Debug|Any CPU
		{DB73423A-19A1-4C38-B82E-F6BE4FEA28C2}.Debug|Any CPU.Build.0 = Debug|Any CPU
		{DB73423A-19A1-4C38-B82E-F6BE4FEA28C2}.Release|Any CPU.ActiveCfg = Release|Any CPU
		{DB73423A-19A1-4C38-B82E-F6BE4FEA28C2}.Release|Any CPU.Build.0 = Release|Any CPU
		{4CDDDA6F-D0C9-4453-9798-D1720C1E98E6}.Debug|Any CPU.ActiveCfg = Debug|Any CPU
		{4CDDDA6F-D0C9-4453-9798-D1720C1E98E6}.Debug|Any CPU.Build.0 = Debug|Any CPU
		{4CDDDA6F-D0C9-4453-9798-D1720C1E98E6}.Release|Any CPU.ActiveCfg = Release|Any CPU
		{4CDDDA6F-D0C9-4453-9798-D1720C1E98E6}.Release|Any CPU.Build.0 = Release|Any CPU
		{B4DB0174-9674-4F72-804E-A739893D4F8D}.Debug|Any CPU.ActiveCfg = Debug|Any CPU
		{B4DB0174-9674-4F72-804E-A739893D4F8D}.Debug|Any CPU.Build.0 = Debug|Any CPU
		{B4DB0174-9674-4F72-804E-A739893D4F8D}.Release|Any CPU.ActiveCfg = Release|Any CPU
		{B4DB0174-9674-4F72-804E-A739893D4F8D}.Release|Any CPU.Build.0 = Release|Any CPU
	EndGlobalSection
	GlobalSection(SolutionProperties) = preSolution
		HideSolutionNode = FALSE
	EndGlobalSection
	GlobalSection(ExtensibilityGlobals) = postSolution
		SolutionGuid = {8D283AD6-831F-4EF8-B185-897831D7C69D}
	EndGlobalSection
EndGlobal
