
Microsoft Visual Studio Solution File, Format Version 12.00
# Visual Studio 15
VisualStudioVersion = 15.0.26730.8
MinimumVisualStudioVersion = 10.0.40219.1
Project("{FAE04EC0-301F-11D3-BF4B-00C04F79EFBC}") = "BirthdayTracker.UI", "BirthdayTracker.UI\BirthdayTracker.UI.csproj", "{17ECD992-C63D-41E7-8EF7-6FBE472312FB}"
EndProject
Project("{FAE04EC0-301F-11D3-BF4B-00C04F79EFBC}") = "BirthdayTracker.BLL", "BirthdayTracker.BLL\BirthdayTracker.BLL.csproj", "{63C14B69-DAB1-428A-ABA9-CC7E00236ED4}"
EndProject
Project("{FAE04EC0-301F-11D3-BF4B-00C04F79EFBC}") = "BirthdayTracker.Test", "BirthdayTracker.Test\BirthdayTracker.Test.csproj", "{D06C1081-092A-4AC4-A5C6-2EC536EE69C5}"
EndProject
Global
	GlobalSection(SolutionConfigurationPlatforms) = preSolution
		Debug|Any CPU = Debug|Any CPU
		Release|Any CPU = Release|Any CPU
	EndGlobalSection
	GlobalSection(ProjectConfigurationPlatforms) = postSolution
		{17ECD992-C63D-41E7-8EF7-6FBE472312FB}.Debug|Any CPU.ActiveCfg = Debug|Any CPU
		{17ECD992-C63D-41E7-8EF7-6FBE472312FB}.Debug|Any CPU.Build.0 = Debug|Any CPU
		{17ECD992-C63D-41E7-8EF7-6FBE472312FB}.Release|Any CPU.ActiveCfg = Release|Any CPU
		{17ECD992-C63D-41E7-8EF7-6FBE472312FB}.Release|Any CPU.Build.0 = Release|Any CPU
		{63C14B69-DAB1-428A-ABA9-CC7E00236ED4}.Debug|Any CPU.ActiveCfg = Debug|Any CPU
		{63C14B69-DAB1-428A-ABA9-CC7E00236ED4}.Debug|Any CPU.Build.0 = Debug|Any CPU
		{63C14B69-DAB1-428A-ABA9-CC7E00236ED4}.Release|Any CPU.ActiveCfg = Release|Any CPU
		{63C14B69-DAB1-428A-ABA9-CC7E00236ED4}.Release|Any CPU.Build.0 = Release|Any CPU
		{D06C1081-092A-4AC4-A5C6-2EC536EE69C5}.Debug|Any CPU.ActiveCfg = Debug|Any CPU
		{D06C1081-092A-4AC4-A5C6-2EC536EE69C5}.Debug|Any CPU.Build.0 = Debug|Any CPU
		{D06C1081-092A-4AC4-A5C6-2EC536EE69C5}.Release|Any CPU.ActiveCfg = Release|Any CPU
		{D06C1081-092A-4AC4-A5C6-2EC536EE69C5}.Release|Any CPU.Build.0 = Release|Any CPU
	EndGlobalSection
	GlobalSection(SolutionProperties) = preSolution
		HideSolutionNode = FALSE
	EndGlobalSection
	GlobalSection(ExtensibilityGlobals) = postSolution
		SolutionGuid = {5BEC423C-F292-4342-A5F0-2240E1CAB452}
	EndGlobalSection
EndGlobal
