
Microsoft Visual Studio Solution File, Format Version 12.00
# Visual Studio 15
VisualStudioVersion = 15.0.26730.8
MinimumVisualStudioVersion = 10.0.40219.1
Project("{FAE04EC0-301F-11D3-BF4B-00C04F79EFBC}") = "EmployeeDatabase.UI", "EmployeeDatabase.UI\EmployeeDatabase.UI.csproj", "{73615666-C94E-4A3D-8F1E-27D332D6D2F9}"
EndProject
Global
	GlobalSection(SolutionConfigurationPlatforms) = preSolution
		Debug|Any CPU = Debug|Any CPU
		Release|Any CPU = Release|Any CPU
	EndGlobalSection
	GlobalSection(ProjectConfigurationPlatforms) = postSolution
		{73615666-C94E-4A3D-8F1E-27D332D6D2F9}.Debug|Any CPU.ActiveCfg = Debug|Any CPU
		{73615666-C94E-4A3D-8F1E-27D332D6D2F9}.Debug|Any CPU.Build.0 = Debug|Any CPU
		{73615666-C94E-4A3D-8F1E-27D332D6D2F9}.Release|Any CPU.ActiveCfg = Release|Any CPU
		{73615666-C94E-4A3D-8F1E-27D332D6D2F9}.Release|Any CPU.Build.0 = Release|Any CPU
	EndGlobalSection
	GlobalSection(SolutionProperties) = preSolution
		HideSolutionNode = FALSE
	EndGlobalSection
	GlobalSection(ExtensibilityGlobals) = postSolution
		SolutionGuid = {F8158952-78D0-4009-8D13-C4277FE75DA1}
	EndGlobalSection
EndGlobal
