
Microsoft Visual Studio Solution File, Format Version 12.00
# Visual Studio 15
VisualStudioVersion = 15.0.26730.8
MinimumVisualStudioVersion = 10.0.40219.1
Project("{FAE04EC0-301F-11D3-BF4B-00C04F79EFBC}") = "Practice", "Practice with Enums\Practice.csproj", "{D764B3FE-595D-47BD-A5F6-EABA38821986}"
EndProject
Global
	GlobalSection(SolutionConfigurationPlatforms) = preSolution
		Debug|Any CPU = Debug|Any CPU
		Release|Any CPU = Release|Any CPU
	EndGlobalSection
	GlobalSection(ProjectConfigurationPlatforms) = postSolution
		{D764B3FE-595D-47BD-A5F6-EABA38821986}.Debug|Any CPU.ActiveCfg = Debug|Any CPU
		{D764B3FE-595D-47BD-A5F6-EABA38821986}.Debug|Any CPU.Build.0 = Debug|Any CPU
		{D764B3FE-595D-47BD-A5F6-EABA38821986}.Release|Any CPU.ActiveCfg = Release|Any CPU
		{D764B3FE-595D-47BD-A5F6-EABA38821986}.Release|Any CPU.Build.0 = Release|Any CPU
	EndGlobalSection
	GlobalSection(SolutionProperties) = preSolution
		HideSolutionNode = FALSE
	EndGlobalSection
	GlobalSection(ExtensibilityGlobals) = postSolution
		SolutionGuid = {1CDAAE97-112A-4104-8B9D-E17A1CA249C7}
	EndGlobalSection
EndGlobal
