
Microsoft Visual Studio Solution File, Format Version 12.00
# Visual Studio 15
VisualStudioVersion = 15.0.26730.8
MinimumVisualStudioVersion = 10.0.40219.1
Project("{FAE04EC0-301F-11D3-BF4B-00C04F79EFBC}") = "SGBank.UI", "SGBank.UI\SGBank.UI.csproj", "{C7B1543A-EB11-4617-A2A5-A1AA5FEF0124}"
EndProject
Project("{FAE04EC0-301F-11D3-BF4B-00C04F79EFBC}") = "SGBank.Models", "SGBank.Models\SGBank.Models.csproj", "{76ACB0D9-0E3D-4D3E-826A-A6E01CCFD836}"
EndProject
Project("{FAE04EC0-301F-11D3-BF4B-00C04F79EFBC}") = "SGBank.BLL", "SGBank.BLL\SGBank.BLL.csproj", "{2A4F9BE5-6114-4E97-A2A6-236CE69EC450}"
EndProject
Project("{FAE04EC0-301F-11D3-BF4B-00C04F79EFBC}") = "SGBank.Data", "SGBank.Data\SGBank.Data.csproj", "{6823E696-FC72-43B2-97BB-123167F76759}"
EndProject
Project("{FAE04EC0-301F-11D3-BF4B-00C04F79EFBC}") = "SGBank.Test", "SGBank.Test\SGBank.Test.csproj", "{80DA56A0-10E5-4087-B073-4A8D20908575}"
EndProject
Global
	GlobalSection(SolutionConfigurationPlatforms) = preSolution
		Debug|Any CPU = Debug|Any CPU
		Release|Any CPU = Release|Any CPU
	EndGlobalSection
	GlobalSection(ProjectConfigurationPlatforms) = postSolution
		{C7B1543A-EB11-4617-A2A5-A1AA5FEF0124}.Debug|Any CPU.ActiveCfg = Debug|Any CPU
		{C7B1543A-EB11-4617-A2A5-A1AA5FEF0124}.Debug|Any CPU.Build.0 = Debug|Any CPU
		{C7B1543A-EB11-4617-A2A5-A1AA5FEF0124}.Release|Any CPU.ActiveCfg = Release|Any CPU
		{C7B1543A-EB11-4617-A2A5-A1AA5FEF0124}.Release|Any CPU.Build.0 = Release|Any CPU
		{76ACB0D9-0E3D-4D3E-826A-A6E01CCFD836}.Debug|Any CPU.ActiveCfg = Debug|Any CPU
		{76ACB0D9-0E3D-4D3E-826A-A6E01CCFD836}.Debug|Any CPU.Build.0 = Debug|Any CPU
		{76ACB0D9-0E3D-4D3E-826A-A6E01CCFD836}.Release|Any CPU.ActiveCfg = Release|Any CPU
		{76ACB0D9-0E3D-4D3E-826A-A6E01CCFD836}.Release|Any CPU.Build.0 = Release|Any CPU
		{2A4F9BE5-6114-4E97-A2A6-236CE69EC450}.Debug|Any CPU.ActiveCfg = Debug|Any CPU
		{2A4F9BE5-6114-4E97-A2A6-236CE69EC450}.Debug|Any CPU.Build.0 = Debug|Any CPU
		{2A4F9BE5-6114-4E97-A2A6-236CE69EC450}.Release|Any CPU.ActiveCfg = Release|Any CPU
		{2A4F9BE5-6114-4E97-A2A6-236CE69EC450}.Release|Any CPU.Build.0 = Release|Any CPU
		{6823E696-FC72-43B2-97BB-123167F76759}.Debug|Any CPU.ActiveCfg = Debug|Any CPU
		{6823E696-FC72-43B2-97BB-123167F76759}.Debug|Any CPU.Build.0 = Debug|Any CPU
		{6823E696-FC72-43B2-97BB-123167F76759}.Release|Any CPU.ActiveCfg = Release|Any CPU
		{6823E696-FC72-43B2-97BB-123167F76759}.Release|Any CPU.Build.0 = Release|Any CPU
		{80DA56A0-10E5-4087-B073-4A8D20908575}.Debug|Any CPU.ActiveCfg = Debug|Any CPU
		{80DA56A0-10E5-4087-B073-4A8D20908575}.Debug|Any CPU.Build.0 = Debug|Any CPU
		{80DA56A0-10E5-4087-B073-4A8D20908575}.Release|Any CPU.ActiveCfg = Release|Any CPU
		{80DA56A0-10E5-4087-B073-4A8D20908575}.Release|Any CPU.Build.0 = Release|Any CPU
	EndGlobalSection
	GlobalSection(SolutionProperties) = preSolution
		HideSolutionNode = FALSE
	EndGlobalSection
	GlobalSection(ExtensibilityGlobals) = postSolution
		SolutionGuid = {11ED55C8-66EB-4DCC-8628-595F2AA5CE60}
	EndGlobalSection
EndGlobal
