
Microsoft Visual Studio Solution File, Format Version 12.00
# Visual Studio 15
VisualStudioVersion = 15.0.26730.8
MinimumVisualStudioVersion = 10.0.40219.1
Project("{FAE04EC0-301F-11D3-BF4B-00C04F79EFBC}") = "GuessingGame.UI", "GuessingGame.UI\GuessingGame.UI.csproj", "{0423E7C2-2D39-4EEE-A978-1D80615CAC2A}"
EndProject
Project("{FAE04EC0-301F-11D3-BF4B-00C04F79EFBC}") = "GuessingGame.BLL", "GuessingGame.BLL\GuessingGame.BLL.csproj", "{FBA315C3-9D55-4A51-AAA9-C6A1CA2ED915}"
EndProject
Project("{FAE04EC0-301F-11D3-BF4B-00C04F79EFBC}") = "GuessingGame.Test", "GuessingGame.Test\GuessingGame.Test.csproj", "{C13EBEF9-C8AA-48EC-A5D1-C3C1D86296E8}"
EndProject
Global
	GlobalSection(SolutionConfigurationPlatforms) = preSolution
		Debug|Any CPU = Debug|Any CPU
		Release|Any CPU = Release|Any CPU
	EndGlobalSection
	GlobalSection(ProjectConfigurationPlatforms) = postSolution
		{0423E7C2-2D39-4EEE-A978-1D80615CAC2A}.Debug|Any CPU.ActiveCfg = Debug|Any CPU
		{0423E7C2-2D39-4EEE-A978-1D80615CAC2A}.Debug|Any CPU.Build.0 = Debug|Any CPU
		{0423E7C2-2D39-4EEE-A978-1D80615CAC2A}.Release|Any CPU.ActiveCfg = Release|Any CPU
		{0423E7C2-2D39-4EEE-A978-1D80615CAC2A}.Release|Any CPU.Build.0 = Release|Any CPU
		{FBA315C3-9D55-4A51-AAA9-C6A1CA2ED915}.Debug|Any CPU.ActiveCfg = Debug|Any CPU
		{FBA315C3-9D55-4A51-AAA9-C6A1CA2ED915}.Debug|Any CPU.Build.0 = Debug|Any CPU
		{FBA315C3-9D55-4A51-AAA9-C6A1CA2ED915}.Release|Any CPU.ActiveCfg = Release|Any CPU
		{FBA315C3-9D55-4A51-AAA9-C6A1CA2ED915}.Release|Any CPU.Build.0 = Release|Any CPU
		{C13EBEF9-C8AA-48EC-A5D1-C3C1D86296E8}.Debug|Any CPU.ActiveCfg = Debug|Any CPU
		{C13EBEF9-C8AA-48EC-A5D1-C3C1D86296E8}.Debug|Any CPU.Build.0 = Debug|Any CPU
		{C13EBEF9-C8AA-48EC-A5D1-C3C1D86296E8}.Release|Any CPU.ActiveCfg = Release|Any CPU
		{C13EBEF9-C8AA-48EC-A5D1-C3C1D86296E8}.Release|Any CPU.Build.0 = Release|Any CPU
	EndGlobalSection
	GlobalSection(SolutionProperties) = preSolution
		HideSolutionNode = FALSE
	EndGlobalSection
	GlobalSection(ExtensibilityGlobals) = postSolution
		SolutionGuid = {E0AA445B-EEA8-4FE5-80E6-CF081F5D4242}
	EndGlobalSection
EndGlobal
