
Microsoft Visual Studio Solution File, Format Version 12.00
# Visual Studio 15
VisualStudioVersion = 15.0.26730.8
MinimumVisualStudioVersion = 10.0.40219.1
Project("{FAE04EC0-301F-11D3-BF4B-00C04F79EFBC}") = "Hello World", "Hello World\Hello World.csproj", "{32893174-DC36-43DB-B20B-CD55CD079807}"
EndProject
Global
	GlobalSection(SolutionConfigurationPlatforms) = preSolution
		Debug|Any CPU = Debug|Any CPU
		Release|Any CPU = Release|Any CPU
	EndGlobalSection
	GlobalSection(ProjectConfigurationPlatforms) = postSolution
		{32893174-DC36-43DB-B20B-CD55CD079807}.Debug|Any CPU.ActiveCfg = Debug|Any CPU
		{32893174-DC36-43DB-B20B-CD55CD079807}.Debug|Any CPU.Build.0 = Debug|Any CPU
		{32893174-DC36-43DB-B20B-CD55CD079807}.Release|Any CPU.ActiveCfg = Release|Any CPU
		{32893174-DC36-43DB-B20B-CD55CD079807}.Release|Any CPU.Build.0 = Release|Any CPU
	EndGlobalSection
	GlobalSection(SolutionProperties) = preSolution
		HideSolutionNode = FALSE
	EndGlobalSection
	GlobalSection(ExtensibilityGlobals) = postSolution
		SolutionGuid = {39811D59-C9E9-4D6D-8CEC-CB3181127BD2}
	EndGlobalSection
EndGlobal
