
Microsoft Visual Studio Solution File, Format Version 12.00
# Visual Studio 15
VisualStudioVersion = 15.0.26730.8
MinimumVisualStudioVersion = 10.0.40219.1
Project("{FAE04EC0-301F-11D3-BF4B-00C04F79EFBC}") = "Practice1", "Practice1\Practice1.csproj", "{9CD85AF8-EF9F-4EDD-AD3A-D65CB862C6A9}"
EndProject
Project("{FAE04EC0-301F-11D3-BF4B-00C04F79EFBC}") = "LibraryForPracticeItems", "LibraryForPracticeItems\LibraryForPracticeItems.csproj", "{BBA124CD-F02B-43C6-9A26-78D89840655D}"
EndProject
Global
	GlobalSection(SolutionConfigurationPlatforms) = preSolution
		Debug|Any CPU = Debug|Any CPU
		Release|Any CPU = Release|Any CPU
	EndGlobalSection
	GlobalSection(ProjectConfigurationPlatforms) = postSolution
		{9CD85AF8-EF9F-4EDD-AD3A-D65CB862C6A9}.Debug|Any CPU.ActiveCfg = Debug|Any CPU
		{9CD85AF8-EF9F-4EDD-AD3A-D65CB862C6A9}.Debug|Any CPU.Build.0 = Debug|Any CPU
		{9CD85AF8-EF9F-4EDD-AD3A-D65CB862C6A9}.Release|Any CPU.ActiveCfg = Release|Any CPU
		{9CD85AF8-EF9F-4EDD-AD3A-D65CB862C6A9}.Release|Any CPU.Build.0 = Release|Any CPU
		{BBA124CD-F02B-43C6-9A26-78D89840655D}.Debug|Any CPU.ActiveCfg = Debug|Any CPU
		{BBA124CD-F02B-43C6-9A26-78D89840655D}.Debug|Any CPU.Build.0 = Debug|Any CPU
		{BBA124CD-F02B-43C6-9A26-78D89840655D}.Release|Any CPU.ActiveCfg = Release|Any CPU
		{BBA124CD-F02B-43C6-9A26-78D89840655D}.Release|Any CPU.Build.0 = Release|Any CPU
	EndGlobalSection
	GlobalSection(SolutionProperties) = preSolution
		HideSolutionNode = FALSE
	EndGlobalSection
	GlobalSection(ExtensibilityGlobals) = postSolution
		SolutionGuid = {936B7115-1962-4BC6-A676-53D482FCB6AA}
	EndGlobalSection
EndGlobal
