
Microsoft Visual Studio Solution File, Format Version 12.00
# Visual Studio 14
VisualStudioVersion = 14.0.25420.1
MinimumVisualStudioVersion = 10.0.40219.1
Project("{FAE04EC0-301F-11D3-BF4B-00C04F79EFBC}") = "GuessingGame.UI", "GuessingGame.UI\GuessingGame.UI.csproj", "{4E1027A1-6D4B-42F2-A38B-3099B9B901D3}"
EndProject
Project("{FAE04EC0-301F-11D3-BF4B-00C04F79EFBC}") = "GuessingGame.BLL", "GuessingGame.BLL\GuessingGame.BLL.csproj", "{879E6376-2846-4C25-A390-0EC098C9CF9B}"
EndProject
Project("{FAE04EC0-301F-11D3-BF4B-00C04F79EFBC}") = "GuessingGame.Tests", "GuessingGame.Tests\GuessingGame.Tests.csproj", "{1A7AC943-AD92-45A0-AF76-FBEF6D0F7492}"
EndProject
Global
	GlobalSection(SolutionConfigurationPlatforms) = preSolution
		Debug|Any CPU = Debug|Any CPU
		Release|Any CPU = Release|Any CPU
	EndGlobalSection
	GlobalSection(ProjectConfigurationPlatforms) = postSolution
		{4E1027A1-6D4B-42F2-A38B-3099B9B901D3}.Debug|Any CPU.ActiveCfg = Debug|Any CPU
		{4E1027A1-6D4B-42F2-A38B-3099B9B901D3}.Debug|Any CPU.Build.0 = Debug|Any CPU
		{4E1027A1-6D4B-42F2-A38B-3099B9B901D3}.Release|Any CPU.ActiveCfg = Release|Any CPU
		{4E1027A1-6D4B-42F2-A38B-3099B9B901D3}.Release|Any CPU.Build.0 = Release|Any CPU
		{879E6376-2846-4C25-A390-0EC098C9CF9B}.Debug|Any CPU.ActiveCfg = Debug|Any CPU
		{879E6376-2846-4C25-A390-0EC098C9CF9B}.Debug|Any CPU.Build.0 = Debug|Any CPU
		{879E6376-2846-4C25-A390-0EC098C9CF9B}.Release|Any CPU.ActiveCfg = Release|Any CPU
		{879E6376-2846-4C25-A390-0EC098C9CF9B}.Release|Any CPU.Build.0 = Release|Any CPU
		{1A7AC943-AD92-45A0-AF76-FBEF6D0F7492}.Debug|Any CPU.ActiveCfg = Debug|Any CPU
		{1A7AC943-AD92-45A0-AF76-FBEF6D0F7492}.Debug|Any CPU.Build.0 = Debug|Any CPU
		{1A7AC943-AD92-45A0-AF76-FBEF6D0F7492}.Release|Any CPU.ActiveCfg = Release|Any CPU
		{1A7AC943-AD92-45A0-AF76-FBEF6D0F7492}.Release|Any CPU.Build.0 = Release|Any CPU
	EndGlobalSection
	GlobalSection(SolutionProperties) = preSolution
		HideSolutionNode = FALSE
	EndGlobalSection
EndGlobal
