
Microsoft Visual Studio Solution File, Format Version 12.00
# Visual Studio 15
VisualStudioVersion = 15.0.26730.8
MinimumVisualStudioVersion = 10.0.40219.1
Project("{FAE04EC0-301F-11D3-BF4B-00C04F79EFBC}") = "String-Array Practice", "String-Array Practice\String-Array Practice.csproj", "{A9004D7B-F848-4DDF-9546-A1319647B6CE}"
EndProject
Global
	GlobalSection(SolutionConfigurationPlatforms) = preSolution
		Debug|Any CPU = Debug|Any CPU
		Release|Any CPU = Release|Any CPU
	EndGlobalSection
	GlobalSection(ProjectConfigurationPlatforms) = postSolution
		{A9004D7B-F848-4DDF-9546-A1319647B6CE}.Debug|Any CPU.ActiveCfg = Debug|Any CPU
		{A9004D7B-F848-4DDF-9546-A1319647B6CE}.Debug|Any CPU.Build.0 = Debug|Any CPU
		{A9004D7B-F848-4DDF-9546-A1319647B6CE}.Release|Any CPU.ActiveCfg = Release|Any CPU
		{A9004D7B-F848-4DDF-9546-A1319647B6CE}.Release|Any CPU.Build.0 = Release|Any CPU
	EndGlobalSection
	GlobalSection(SolutionProperties) = preSolution
		HideSolutionNode = FALSE
	EndGlobalSection
	GlobalSection(ExtensibilityGlobals) = postSolution
		SolutionGuid = {79B7F507-966A-4115-A1A2-B3BAB2704BAC}
	EndGlobalSection
EndGlobal
