
Microsoft Visual Studio Solution File, Format Version 12.00
# Visual Studio 15
VisualStudioVersion = 15.0.26730.8
MinimumVisualStudioVersion = 10.0.40219.1
Project("{FAE04EC0-301F-11D3-BF4B-00C04F79EFBC}") = "UsingSystemIO", "UsingSystemIO\UsingSystemIO.csproj", "{6EA12C12-4572-4854-8932-30CD124F5300}"
EndProject
Project("{FAE04EC0-301F-11D3-BF4B-00C04F79EFBC}") = "UsingSystemIO.BLL", "UsingSystemIO.BLL\UsingSystemIO.BLL.csproj", "{C17FE654-30AD-4F27-A156-A2CD221E77E9}"
EndProject
Project("{FAE04EC0-301F-11D3-BF4B-00C04F79EFBC}") = "UsingSystemIO.Test", "UsingSystemIO.Test\UsingSystemIO.Test.csproj", "{EB6CFED6-1F12-4D10-97DD-1B8D03B2A9E6}"
EndProject
Global
	GlobalSection(SolutionConfigurationPlatforms) = preSolution
		Debug|Any CPU = Debug|Any CPU
		Release|Any CPU = Release|Any CPU
	EndGlobalSection
	GlobalSection(ProjectConfigurationPlatforms) = postSolution
		{6EA12C12-4572-4854-8932-30CD124F5300}.Debug|Any CPU.ActiveCfg = Debug|Any CPU
		{6EA12C12-4572-4854-8932-30CD124F5300}.Debug|Any CPU.Build.0 = Debug|Any CPU
		{6EA12C12-4572-4854-8932-30CD124F5300}.Release|Any CPU.ActiveCfg = Release|Any CPU
		{6EA12C12-4572-4854-8932-30CD124F5300}.Release|Any CPU.Build.0 = Release|Any CPU
		{C17FE654-30AD-4F27-A156-A2CD221E77E9}.Debug|Any CPU.ActiveCfg = Debug|Any CPU
		{C17FE654-30AD-4F27-A156-A2CD221E77E9}.Debug|Any CPU.Build.0 = Debug|Any CPU
		{C17FE654-30AD-4F27-A156-A2CD221E77E9}.Release|Any CPU.ActiveCfg = Release|Any CPU
		{C17FE654-30AD-4F27-A156-A2CD221E77E9}.Release|Any CPU.Build.0 = Release|Any CPU
		{EB6CFED6-1F12-4D10-97DD-1B8D03B2A9E6}.Debug|Any CPU.ActiveCfg = Debug|Any CPU
		{EB6CFED6-1F12-4D10-97DD-1B8D03B2A9E6}.Debug|Any CPU.Build.0 = Debug|Any CPU
		{EB6CFED6-1F12-4D10-97DD-1B8D03B2A9E6}.Release|Any CPU.ActiveCfg = Release|Any CPU
		{EB6CFED6-1F12-4D10-97DD-1B8D03B2A9E6}.Release|Any CPU.Build.0 = Release|Any CPU
	EndGlobalSection
	GlobalSection(SolutionProperties) = preSolution
		HideSolutionNode = FALSE
	EndGlobalSection
	GlobalSection(ExtensibilityGlobals) = postSolution
		SolutionGuid = {5364DCFB-347F-4FF2-8AE8-8C9E92DF9360}
	EndGlobalSection
EndGlobal
