
Microsoft Visual Studio Solution File, Format Version 12.00
# Visual Studio 15
VisualStudioVersion = 15.0.26730.8
MinimumVisualStudioVersion = 10.0.40219.1
Project("{FAE04EC0-301F-11D3-BF4B-00C04F79EFBC}") = "PlayingWithArrays", "PlayingWithArrays\PlayingWithArrays.csproj", "{A053673A-8E86-401F-9BD2-0071FFDEF773}"
EndProject
Global
	GlobalSection(SolutionConfigurationPlatforms) = preSolution
		Debug|Any CPU = Debug|Any CPU
		Release|Any CPU = Release|Any CPU
	EndGlobalSection
	GlobalSection(ProjectConfigurationPlatforms) = postSolution
		{A053673A-8E86-401F-9BD2-0071FFDEF773}.Debug|Any CPU.ActiveCfg = Debug|Any CPU
		{A053673A-8E86-401F-9BD2-0071FFDEF773}.Debug|Any CPU.Build.0 = Debug|Any CPU
		{A053673A-8E86-401F-9BD2-0071FFDEF773}.Release|Any CPU.ActiveCfg = Release|Any CPU
		{A053673A-8E86-401F-9BD2-0071FFDEF773}.Release|Any CPU.Build.0 = Release|Any CPU
	EndGlobalSection
	GlobalSection(SolutionProperties) = preSolution
		HideSolutionNode = FALSE
	EndGlobalSection
	GlobalSection(ExtensibilityGlobals) = postSolution
		SolutionGuid = {7DF453E0-EF80-4AB5-AA34-AFDDE8805DC1}
	EndGlobalSection
EndGlobal
